
Microsoft Visual Studio Solution File, Format Version 12.00
# Visual Studio Version 16
VisualStudioVersion = 16.0.30225.117
MinimumVisualStudioVersion = 10.0.40219.1
Project("{FAE04EC0-301F-11D3-BF4B-00C04F79EFBC}") = "Mobile", "Mobile\Mobile.csproj", "{39AC83B5-4211-4DD8-9D0F-3A39B661C5C5}"
EndProject
Global
	GlobalSection(SolutionConfigurationPlatforms) = preSolution
		Debug|Any CPU = Debug|Any CPU
		Release|Any CPU = Release|Any CPU
	EndGlobalSection
	GlobalSection(ProjectConfigurationPlatforms) = postSolution
		{39AC83B5-4211-4DD8-9D0F-3A39B661C5C5}.Debug|Any CPU.ActiveCfg = Debug|Any CPU
		{39AC83B5-4211-4DD8-9D0F-3A39B661C5C5}.Debug|Any CPU.Build.0 = Debug|Any CPU
		{39AC83B5-4211-4DD8-9D0F-3A39B661C5C5}.Release|Any CPU.ActiveCfg = Release|Any CPU
		{39AC83B5-4211-4DD8-9D0F-3A39B661C5C5}.Release|Any CPU.Build.0 = Release|Any CPU
	EndGlobalSection
	GlobalSection(SolutionProperties) = preSolution
		HideSolutionNode = FALSE
	EndGlobalSection
	GlobalSection(ExtensibilityGlobals) = postSolution
		SolutionGuid = {10F96C44-9EEC-4FB0-A92C-553EB5CB706D}
	EndGlobalSection
EndGlobal
